// !$*UTF8*$!
{
	archiveVersion = 1;
	classes = {
	};
	objectVersion = 56;
	objects = {

/* Begin PBXBuildFile section */
		6410D78E29F5A4BE003FE21E /* KeyboardWrapperView.swift in Sources */ = {isa = PBXBuildFile; fileRef = 64CCBC7129F55E9F00C926F9 /* KeyboardWrapperView.swift */; };
		64420AA329F62CCD002B74FF /* SwiftProtobuf in Frameworks */ = {isa = PBXBuildFile; productRef = 64420AA229F62CCD002B74FF /* SwiftProtobuf */; };
		64420AAB29F62F7B002B74FF /* SwiftProtobuf in Frameworks */ = {isa = PBXBuildFile; productRef = 64420AAA29F62F7B002B74FF /* SwiftProtobuf */; };
		645BCFA029F4E2B20066F34C /* KeyboardViewController.swift in Sources */ = {isa = PBXBuildFile; fileRef = 645BCF9F29F4E2B20066F34C /* KeyboardViewController.swift */; };
		645BCFA429F4E2B20066F34C /* Keyboard.appex in Embed Foundation Extensions */ = {isa = PBXBuildFile; fileRef = 645BCF9D29F4E2B20066F34C /* Keyboard.appex */; platformFilter = ios; settings = {ATTRIBUTES = (RemoveHeadersOnCopy, ); }; };
		646F622B29F670CF00D469DD /* command.pb.swift in Sources */ = {isa = PBXBuildFile; fileRef = 646F622929F670CF00D469DD /* command.pb.swift */; };
		646F622C29F670CF00D469DD /* config.pb.swift in Sources */ = {isa = PBXBuildFile; fileRef = 646F622A29F670CF00D469DD /* config.pb.swift */; };
		6497E2BF29F58A1B009311B5 /* KeyboardHostingController.swift in Sources */ = {isa = PBXBuildFile; fileRef = 6497E2BE29F58A1B009311B5 /* KeyboardHostingController.swift */; };
		64A2A4D029F624E000E6D200 /* khiin.db in Resources */ = {isa = PBXBuildFile; fileRef = 64D796C629F60BF500ABB745 /* khiin.db */; };
		64CCBC6629F4E95B00C926F9 /* Settings.bundle in Resources */ = {isa = PBXBuildFile; fileRef = 64CCBC6529F4E95B00C926F9 /* Settings.bundle */; };
		64CCBC7029F51FC200C926F9 /* KhiinColors.swift in Sources */ = {isa = PBXBuildFile; fileRef = 64CCBC6E29F51F7500C926F9 /* KhiinColors.swift */; };
		64CCBC7529F55F2D00C926F9 /* KhiinColors.swift in Sources */ = {isa = PBXBuildFile; fileRef = 64CCBC6E29F51F7500C926F9 /* KhiinColors.swift */; };
		64CCBC7929F5680E00C926F9 /* ViewPreviews.swift in Sources */ = {isa = PBXBuildFile; fileRef = 64CCBC7829F5680E00C926F9 /* ViewPreviews.swift */; };
		64CCBC7B29F5686500C926F9 /* KeyboardViewModel.swift in Sources */ = {isa = PBXBuildFile; fileRef = 64CCBC7A29F5686500C926F9 /* KeyboardViewModel.swift */; };
		64D378C829F4D18200D30F37 /* KhiinApp.swift in Sources */ = {isa = PBXBuildFile; fileRef = 64D378C729F4D18200D30F37 /* KhiinApp.swift */; };
		64D378CA29F4D18200D30F37 /* ContentView.swift in Sources */ = {isa = PBXBuildFile; fileRef = 64D378C929F4D18200D30F37 /* ContentView.swift */; };
		64D378CC29F4D18300D30F37 /* Assets.xcassets in Resources */ = {isa = PBXBuildFile; fileRef = 64D378CB29F4D18300D30F37 /* Assets.xcassets */; };
		64D378D029F4D18300D30F37 /* Preview Assets.xcassets in Resources */ = {isa = PBXBuildFile; fileRef = 64D378CF29F4D18300D30F37 /* Preview Assets.xcassets */; };
		64D796C729F60BF500ABB745 /* khiin.db in Resources */ = {isa = PBXBuildFile; fileRef = 64D796C629F60BF500ABB745 /* khiin.db */; };
		64EC2AB529F6EA3B00C68FE6 /* KhiinBridge in Frameworks */ = {isa = PBXBuildFile; productRef = 64EC2AB429F6EA3B00C68FE6 /* KhiinBridge */; };
/* End PBXBuildFile section */

/* Begin PBXContainerItemProxy section */
		645BCFA229F4E2B20066F34C /* PBXContainerItemProxy */ = {
			isa = PBXContainerItemProxy;
			containerPortal = 64D378BC29F4D18200D30F37 /* Project object */;
			proxyType = 1;
			remoteGlobalIDString = 645BCF9C29F4E2B20066F34C;
			remoteInfo = Keyboard;
		};
/* End PBXContainerItemProxy section */

/* Begin PBXCopyFilesBuildPhase section */
		645BCFA829F4E2B20066F34C /* Embed Foundation Extensions */ = {
			isa = PBXCopyFilesBuildPhase;
			buildActionMask = 2147483647;
			dstPath = "";
			dstSubfolderSpec = 13;
			files = (
				645BCFA429F4E2B20066F34C /* Keyboard.appex in Embed Foundation Extensions */,
			);
			name = "Embed Foundation Extensions";
			runOnlyForDeploymentPostprocessing = 0;
		};
		64D378E629F4D19900D30F37 /* Embed Frameworks */ = {
			isa = PBXCopyFilesBuildPhase;
			buildActionMask = 2147483647;
			dstPath = "";
			dstSubfolderSpec = 10;
			files = (
			);
			name = "Embed Frameworks";
			runOnlyForDeploymentPostprocessing = 0;
		};
/* End PBXCopyFilesBuildPhase section */

/* Begin PBXFileReference section */
		642E5C8C29F67C2C001246F1 /* KhiinBridge */ = {isa = PBXFileReference; lastKnownFileType = wrapper; name = KhiinBridge; path = bridge/KhiinBridge; sourceTree = "<group>"; };
		645BCF9D29F4E2B20066F34C /* Keyboard.appex */ = {isa = PBXFileReference; explicitFileType = "wrapper.app-extension"; includeInIndex = 0; path = Keyboard.appex; sourceTree = BUILT_PRODUCTS_DIR; };
		645BCF9F29F4E2B20066F34C /* KeyboardViewController.swift */ = {isa = PBXFileReference; lastKnownFileType = sourcecode.swift; path = KeyboardViewController.swift; sourceTree = "<group>"; };
		645BCFA129F4E2B20066F34C /* Info.plist */ = {isa = PBXFileReference; lastKnownFileType = text.plist.xml; path = Info.plist; sourceTree = "<group>"; };
		645BCFA929F4E3E50066F34C /* Info.plist */ = {isa = PBXFileReference; lastKnownFileType = text.plist; path = Info.plist; sourceTree = "<group>"; };
		646F622929F670CF00D469DD /* command.pb.swift */ = {isa = PBXFileReference; fileEncoding = 4; lastKnownFileType = sourcecode.swift; name = command.pb.swift; path = Protos/command.pb.swift; sourceTree = SOURCE_ROOT; };
		646F622A29F670CF00D469DD /* config.pb.swift */ = {isa = PBXFileReference; fileEncoding = 4; lastKnownFileType = sourcecode.swift; name = config.pb.swift; path = Protos/config.pb.swift; sourceTree = SOURCE_ROOT; };
		6497E2BE29F58A1B009311B5 /* KeyboardHostingController.swift */ = {isa = PBXFileReference; lastKnownFileType = sourcecode.swift; path = KeyboardHostingController.swift; sourceTree = "<group>"; };
		64CCBC6529F4E95B00C926F9 /* Settings.bundle */ = {isa = PBXFileReference; lastKnownFileType = "wrapper.plug-in"; path = Settings.bundle; sourceTree = "<group>"; };
		64CCBC6E29F51F7500C926F9 /* KhiinColors.swift */ = {isa = PBXFileReference; lastKnownFileType = sourcecode.swift; path = KhiinColors.swift; sourceTree = "<group>"; };
		64CCBC7129F55E9F00C926F9 /* KeyboardWrapperView.swift */ = {isa = PBXFileReference; lastKnownFileType = sourcecode.swift; path = KeyboardWrapperView.swift; sourceTree = "<group>"; };
		64CCBC7829F5680E00C926F9 /* ViewPreviews.swift */ = {isa = PBXFileReference; lastKnownFileType = sourcecode.swift; path = ViewPreviews.swift; sourceTree = "<group>"; };
		64CCBC7A29F5686500C926F9 /* KeyboardViewModel.swift */ = {isa = PBXFileReference; lastKnownFileType = sourcecode.swift; path = KeyboardViewModel.swift; sourceTree = "<group>"; };
		64D378C429F4D18200D30F37 /* Khiin.app */ = {isa = PBXFileReference; explicitFileType = wrapper.application; includeInIndex = 0; path = Khiin.app; sourceTree = BUILT_PRODUCTS_DIR; };
		64D378C729F4D18200D30F37 /* KhiinApp.swift */ = {isa = PBXFileReference; lastKnownFileType = sourcecode.swift; path = KhiinApp.swift; sourceTree = "<group>"; };
		64D378C929F4D18200D30F37 /* ContentView.swift */ = {isa = PBXFileReference; lastKnownFileType = sourcecode.swift; path = ContentView.swift; sourceTree = "<group>"; };
		64D378CB29F4D18300D30F37 /* Assets.xcassets */ = {isa = PBXFileReference; lastKnownFileType = folder.assetcatalog; path = Assets.xcassets; sourceTree = "<group>"; };
		64D378CD29F4D18300D30F37 /* Khiin.entitlements */ = {isa = PBXFileReference; lastKnownFileType = text.plist.entitlements; path = Khiin.entitlements; sourceTree = "<group>"; };
		64D378CF29F4D18300D30F37 /* Preview Assets.xcassets */ = {isa = PBXFileReference; lastKnownFileType = folder.assetcatalog; path = "Preview Assets.xcassets"; sourceTree = "<group>"; };
		64D796C629F60BF500ABB745 /* khiin.db */ = {isa = PBXFileReference; lastKnownFileType = file; path = khiin.db; sourceTree = "<group>"; };
/* End PBXFileReference section */

/* Begin PBXFrameworksBuildPhase section */
		645BCF9A29F4E2B20066F34C /* Frameworks */ = {
			isa = PBXFrameworksBuildPhase;
			buildActionMask = 2147483647;
			files = (
				64420AAB29F62F7B002B74FF /* SwiftProtobuf in Frameworks */,
				64EC2AB529F6EA3B00C68FE6 /* KhiinBridge in Frameworks */,
			);
			runOnlyForDeploymentPostprocessing = 0;
		};
		64D378C129F4D18200D30F37 /* Frameworks */ = {
			isa = PBXFrameworksBuildPhase;
			buildActionMask = 2147483647;
			files = (
				64420AA329F62CCD002B74FF /* SwiftProtobuf in Frameworks */,
			);
			runOnlyForDeploymentPostprocessing = 0;
		};
/* End PBXFrameworksBuildPhase section */

/* Begin PBXGroup section */
		642E5C8B29F67C2C001246F1 /* Packages */ = {
			isa = PBXGroup;
			children = (
				642E5C8C29F67C2C001246F1 /* KhiinBridge */,
			);
			name = Packages;
			sourceTree = "<group>";
		};
		645BCF9E29F4E2B20066F34C /* Keyboard */ = {
			isa = PBXGroup;
			children = (
				646F622929F670CF00D469DD /* command.pb.swift */,
				646F622A29F670CF00D469DD /* config.pb.swift */,
				64CCBC7129F55E9F00C926F9 /* KeyboardWrapperView.swift */,
				645BCF9F29F4E2B20066F34C /* KeyboardViewController.swift */,
				645BCFA129F4E2B20066F34C /* Info.plist */,
				64CCBC7A29F5686500C926F9 /* KeyboardViewModel.swift */,
				6497E2BE29F58A1B009311B5 /* KeyboardHostingController.swift */,
			);
			path = Keyboard;
			sourceTree = "<group>";
		};
		647D2DAA29F4D47000F11013 /* Frameworks */ = {
			isa = PBXGroup;
			children = (
			);
			name = Frameworks;
			sourceTree = "<group>";
		};
		64CCBC7429F55EF700C926F9 /* Theme */ = {
			isa = PBXGroup;
			children = (
				64CCBC6E29F51F7500C926F9 /* KhiinColors.swift */,
			);
			path = Theme;
			sourceTree = "<group>";
		};
		64D378BB29F4D18200D30F37 = {
			isa = PBXGroup;
			children = (
				642E5C8B29F67C2C001246F1 /* Packages */,
				64D378C629F4D18200D30F37 /* Khiin */,
				645BCF9E29F4E2B20066F34C /* Keyboard */,
				64D378C529F4D18200D30F37 /* Products */,
				647D2DAA29F4D47000F11013 /* Frameworks */,
			);
			sourceTree = "<group>";
		};
		64D378C529F4D18200D30F37 /* Products */ = {
			isa = PBXGroup;
			children = (
				64D378C429F4D18200D30F37 /* Khiin.app */,
				645BCF9D29F4E2B20066F34C /* Keyboard.appex */,
			);
			name = Products;
			sourceTree = "<group>";
		};
		64D378C629F4D18200D30F37 /* Khiin */ = {
			isa = PBXGroup;
			children = (
				64D796C629F60BF500ABB745 /* khiin.db */,
				64CCBC7429F55EF700C926F9 /* Theme */,
				645BCFA929F4E3E50066F34C /* Info.plist */,
				64D378C729F4D18200D30F37 /* KhiinApp.swift */,
				64D378C929F4D18200D30F37 /* ContentView.swift */,
				64D378CB29F4D18300D30F37 /* Assets.xcassets */,
				64D378CD29F4D18300D30F37 /* Khiin.entitlements */,
				64D378CE29F4D18300D30F37 /* Preview Content */,
				64CCBC6529F4E95B00C926F9 /* Settings.bundle */,
				64CCBC7829F5680E00C926F9 /* ViewPreviews.swift */,
			);
			path = Khiin;
			sourceTree = "<group>";
		};
		64D378CE29F4D18300D30F37 /* Preview Content */ = {
			isa = PBXGroup;
			children = (
				64D378CF29F4D18300D30F37 /* Preview Assets.xcassets */,
			);
			path = "Preview Content";
			sourceTree = "<group>";
		};
/* End PBXGroup section */

/* Begin PBXNativeTarget section */
		645BCF9C29F4E2B20066F34C /* Keyboard */ = {
			isa = PBXNativeTarget;
			buildConfigurationList = 645BCFA529F4E2B20066F34C /* Build configuration list for PBXNativeTarget "Keyboard" */;
			buildPhases = (
				645BCF9929F4E2B20066F34C /* Sources */,
				645BCF9A29F4E2B20066F34C /* Frameworks */,
				645BCF9B29F4E2B20066F34C /* Resources */,
			);
			buildRules = (
			);
			dependencies = (
				64EC2AB329F6EA3700C68FE6 /* PBXTargetDependency */,
				642E5C8E29F67C3C001246F1 /* PBXTargetDependency */,
			);
			name = Keyboard;
			packageProductDependencies = (
				64420AAA29F62F7B002B74FF /* SwiftProtobuf */,
				64EC2AB429F6EA3B00C68FE6 /* KhiinBridge */,
			);
			productName = Keyboard;
			productReference = 645BCF9D29F4E2B20066F34C /* Keyboard.appex */;
			productType = "com.apple.product-type.app-extension";
		};
		64D378C329F4D18200D30F37 /* Khiin */ = {
			isa = PBXNativeTarget;
			buildConfigurationList = 64D378D329F4D18300D30F37 /* Build configuration list for PBXNativeTarget "Khiin" */;
			buildPhases = (
				64D378C029F4D18200D30F37 /* Sources */,
				64D378C129F4D18200D30F37 /* Frameworks */,
				64D378C229F4D18200D30F37 /* Resources */,
				64D378E629F4D19900D30F37 /* Embed Frameworks */,
				645BCFA829F4E2B20066F34C /* Embed Foundation Extensions */,
			);
			buildRules = (
			);
			dependencies = (
				645BCFA329F4E2B20066F34C /* PBXTargetDependency */,
			);
			name = Khiin;
			packageProductDependencies = (
				64420AA229F62CCD002B74FF /* SwiftProtobuf */,
			);
			productName = Khiin;
			productReference = 64D378C429F4D18200D30F37 /* Khiin.app */;
			productType = "com.apple.product-type.application";
		};
/* End PBXNativeTarget section */

/* Begin PBXProject section */
		64D378BC29F4D18200D30F37 /* Project object */ = {
			isa = PBXProject;
			attributes = {
				BuildIndependentTargetsInParallel = 1;
				LastSwiftUpdateCheck = 1430;
				LastUpgradeCheck = 1430;
				TargetAttributes = {
					645BCF9C29F4E2B20066F34C = {
						CreatedOnToolsVersion = 14.3;
					};
					64D378C329F4D18200D30F37 = {
						CreatedOnToolsVersion = 14.3;
					};
				};
			};
			buildConfigurationList = 64D378BF29F4D18200D30F37 /* Build configuration list for PBXProject "Khiin" */;
			compatibilityVersion = "Xcode 14.0";
			developmentRegion = en;
			hasScannedForEncodings = 0;
			knownRegions = (
				en,
				Base,
			);
			mainGroup = 64D378BB29F4D18200D30F37;
			packageReferences = (
				64420AA129F62CCD002B74FF /* XCRemoteSwiftPackageReference "swift-protobuf" */,
			);
			productRefGroup = 64D378C529F4D18200D30F37 /* Products */;
			projectDirPath = "";
			projectRoot = "";
			targets = (
				64D378C329F4D18200D30F37 /* Khiin */,
				645BCF9C29F4E2B20066F34C /* Keyboard */,
			);
		};
/* End PBXProject section */

/* Begin PBXResourcesBuildPhase section */
		645BCF9B29F4E2B20066F34C /* Resources */ = {
			isa = PBXResourcesBuildPhase;
			buildActionMask = 2147483647;
			files = (
				64A2A4D029F624E000E6D200 /* khiin.db in Resources */,
			);
			runOnlyForDeploymentPostprocessing = 0;
		};
		64D378C229F4D18200D30F37 /* Resources */ = {
			isa = PBXResourcesBuildPhase;
			buildActionMask = 2147483647;
			files = (
				64D378D029F4D18300D30F37 /* Preview Assets.xcassets in Resources */,
				64CCBC6629F4E95B00C926F9 /* Settings.bundle in Resources */,
				64D378CC29F4D18300D30F37 /* Assets.xcassets in Resources */,
				64D796C729F60BF500ABB745 /* khiin.db in Resources */,
			);
			runOnlyForDeploymentPostprocessing = 0;
		};
/* End PBXResourcesBuildPhase section */

/* Begin PBXSourcesBuildPhase section */
		645BCF9929F4E2B20066F34C /* Sources */ = {
			isa = PBXSourcesBuildPhase;
			buildActionMask = 2147483647;
			files = (
				645BCFA029F4E2B20066F34C /* KeyboardViewController.swift in Sources */,
				6410D78E29F5A4BE003FE21E /* KeyboardWrapperView.swift in Sources */,
				64CCBC7029F51FC200C926F9 /* KhiinColors.swift in Sources */,
				6497E2BF29F58A1B009311B5 /* KeyboardHostingController.swift in Sources */,
				646F622B29F670CF00D469DD /* command.pb.swift in Sources */,
				646F622C29F670CF00D469DD /* config.pb.swift in Sources */,
				64CCBC7B29F5686500C926F9 /* KeyboardViewModel.swift in Sources */,
			);
			runOnlyForDeploymentPostprocessing = 0;
		};
		64D378C029F4D18200D30F37 /* Sources */ = {
			isa = PBXSourcesBuildPhase;
			buildActionMask = 2147483647;
			files = (
				64CCBC7929F5680E00C926F9 /* ViewPreviews.swift in Sources */,
				64CCBC7529F55F2D00C926F9 /* KhiinColors.swift in Sources */,
				64D378CA29F4D18200D30F37 /* ContentView.swift in Sources */,
				64D378C829F4D18200D30F37 /* KhiinApp.swift in Sources */,
			);
			runOnlyForDeploymentPostprocessing = 0;
		};
/* End PBXSourcesBuildPhase section */

/* Begin PBXTargetDependency section */
		642E5C8E29F67C3C001246F1 /* PBXTargetDependency */ = {
			isa = PBXTargetDependency;
			productRef = 642E5C8D29F67C3C001246F1 /* SwiftProtobuf */;
		};
		645BCFA329F4E2B20066F34C /* PBXTargetDependency */ = {
			isa = PBXTargetDependency;
			platformFilter = ios;
			target = 645BCF9C29F4E2B20066F34C /* Keyboard */;
			targetProxy = 645BCFA229F4E2B20066F34C /* PBXContainerItemProxy */;
		};
		64EC2AB329F6EA3700C68FE6 /* PBXTargetDependency */ = {
			isa = PBXTargetDependency;
			productRef = 64EC2AB229F6EA3700C68FE6 /* KhiinBridge */;
		};
/* End PBXTargetDependency section */

/* Begin XCBuildConfiguration section */
		645BCFA629F4E2B20066F34C /* Debug */ = {
			isa = XCBuildConfiguration;
			buildSettings = {
				CODE_SIGN_STYLE = Automatic;
				CURRENT_PROJECT_VERSION = 1;
				GENERATE_INFOPLIST_FILE = YES;
				INFOPLIST_FILE = Keyboard/Info.plist;
				INFOPLIST_KEY_CFBundleDisplayName = "Khiin PJH";
				INFOPLIST_KEY_NSHumanReadableCopyright = "";
				IPHONEOS_DEPLOYMENT_TARGET = 16.4;
				LD_RUNPATH_SEARCH_PATHS = (
					"$(inherited)",
					"@executable_path/Frameworks",
					"@executable_path/../../Frameworks",
				);
				LIBRARY_SEARCH_PATHS = "";
				MARKETING_VERSION = 1.0;
				PRODUCT_BUNDLE_IDENTIFIER = com.edwardgreve.khiin.keyboard;
				PRODUCT_NAME = "$(TARGET_NAME)";
				SDKROOT = iphoneos;
				SKIP_INSTALL = YES;
				SWIFT_EMIT_LOC_STRINGS = YES;
				SWIFT_VERSION = 5.0;
				TARGETED_DEVICE_FAMILY = "1,2";
			};
			name = Debug;
		};
		645BCFA729F4E2B20066F34C /* Release */ = {
			isa = XCBuildConfiguration;
			buildSettings = {
				CODE_SIGN_STYLE = Automatic;
				CURRENT_PROJECT_VERSION = 1;
				GENERATE_INFOPLIST_FILE = YES;
				INFOPLIST_FILE = Keyboard/Info.plist;
				INFOPLIST_KEY_CFBundleDisplayName = "Khiin PJH";
				INFOPLIST_KEY_NSHumanReadableCopyright = "";
				IPHONEOS_DEPLOYMENT_TARGET = 16.4;
				LD_RUNPATH_SEARCH_PATHS = (
					"$(inherited)",
					"@executable_path/Frameworks",
					"@executable_path/../../Frameworks",
				);
				"LIBRARY_SEARCH_PATHS[arch=*]" = "";
				MARKETING_VERSION = 1.0;
				PRODUCT_BUNDLE_IDENTIFIER = com.edwardgreve.khiin.keyboard;
				PRODUCT_NAME = "$(TARGET_NAME)";
				SDKROOT = iphoneos;
				SKIP_INSTALL = YES;
				SWIFT_EMIT_LOC_STRINGS = YES;
				SWIFT_VERSION = 5.0;
				TARGETED_DEVICE_FAMILY = "1,2";
				VALIDATE_PRODUCT = YES;
			};
			name = Release;
		};
		64D378D129F4D18300D30F37 /* Debug */ = {
			isa = XCBuildConfiguration;
			buildSettings = {
				ALWAYS_SEARCH_USER_PATHS = NO;
				CLANG_ANALYZER_NONNULL = YES;
				CLANG_ANALYZER_NUMBER_OBJECT_CONVERSION = YES_AGGRESSIVE;
				CLANG_CXX_LANGUAGE_STANDARD = "gnu++20";
				CLANG_ENABLE_MODULES = YES;
				CLANG_ENABLE_OBJC_ARC = YES;
				CLANG_ENABLE_OBJC_WEAK = YES;
				CLANG_WARN_BLOCK_CAPTURE_AUTORELEASING = YES;
				CLANG_WARN_BOOL_CONVERSION = YES;
				CLANG_WARN_COMMA = YES;
				CLANG_WARN_CONSTANT_CONVERSION = YES;
				CLANG_WARN_DEPRECATED_OBJC_IMPLEMENTATIONS = YES;
				CLANG_WARN_DIRECT_OBJC_ISA_USAGE = YES_ERROR;
				CLANG_WARN_DOCUMENTATION_COMMENTS = YES;
				CLANG_WARN_EMPTY_BODY = YES;
				CLANG_WARN_ENUM_CONVERSION = YES;
				CLANG_WARN_INFINITE_RECURSION = YES;
				CLANG_WARN_INT_CONVERSION = YES;
				CLANG_WARN_NON_LITERAL_NULL_CONVERSION = YES;
				CLANG_WARN_OBJC_IMPLICIT_RETAIN_SELF = YES;
				CLANG_WARN_OBJC_LITERAL_CONVERSION = YES;
				CLANG_WARN_OBJC_ROOT_CLASS = YES_ERROR;
				CLANG_WARN_QUOTED_INCLUDE_IN_FRAMEWORK_HEADER = YES;
				CLANG_WARN_RANGE_LOOP_ANALYSIS = YES;
				CLANG_WARN_STRICT_PROTOTYPES = YES;
				CLANG_WARN_SUSPICIOUS_MOVE = YES;
				CLANG_WARN_UNGUARDED_AVAILABILITY = YES_AGGRESSIVE;
				CLANG_WARN_UNREACHABLE_CODE = YES;
				CLANG_WARN__DUPLICATE_METHOD_MATCH = YES;
				COPY_PHASE_STRIP = NO;
				DEBUG_INFORMATION_FORMAT = dwarf;
				ENABLE_STRICT_OBJC_MSGSEND = YES;
				ENABLE_TESTABILITY = YES;
				GCC_C_LANGUAGE_STANDARD = gnu11;
				GCC_DYNAMIC_NO_PIC = NO;
				GCC_NO_COMMON_BLOCKS = YES;
				GCC_OPTIMIZATION_LEVEL = 0;
				GCC_PREPROCESSOR_DEFINITIONS = (
					"DEBUG=1",
					"$(inherited)",
				);
				GCC_WARN_64_TO_32_BIT_CONVERSION = YES;
				GCC_WARN_ABOUT_RETURN_TYPE = YES_ERROR;
				GCC_WARN_UNDECLARED_SELECTOR = YES;
				GCC_WARN_UNINITIALIZED_AUTOS = YES_AGGRESSIVE;
				GCC_WARN_UNUSED_FUNCTION = YES;
				GCC_WARN_UNUSED_VARIABLE = YES;
				LIBRARY_SEARCH_PATHS = "$(PROJECT_DIR)/../target/universal/debug";
				MTL_ENABLE_DEBUG_INFO = INCLUDE_SOURCE;
				MTL_FAST_MATH = YES;
				ONLY_ACTIVE_ARCH = YES;
				SWIFT_ACTIVE_COMPILATION_CONDITIONS = DEBUG;
				SWIFT_OPTIMIZATION_LEVEL = "-Onone";
			};
			name = Debug;
		};
		64D378D229F4D18300D30F37 /* Release */ = {
			isa = XCBuildConfiguration;
			buildSettings = {
				ALWAYS_SEARCH_USER_PATHS = NO;
				CLANG_ANALYZER_NONNULL = YES;
				CLANG_ANALYZER_NUMBER_OBJECT_CONVERSION = YES_AGGRESSIVE;
				CLANG_CXX_LANGUAGE_STANDARD = "gnu++20";
				CLANG_ENABLE_MODULES = YES;
				CLANG_ENABLE_OBJC_ARC = YES;
				CLANG_ENABLE_OBJC_WEAK = YES;
				CLANG_WARN_BLOCK_CAPTURE_AUTORELEASING = YES;
				CLANG_WARN_BOOL_CONVERSION = YES;
				CLANG_WARN_COMMA = YES;
				CLANG_WARN_CONSTANT_CONVERSION = YES;
				CLANG_WARN_DEPRECATED_OBJC_IMPLEMENTATIONS = YES;
				CLANG_WARN_DIRECT_OBJC_ISA_USAGE = YES_ERROR;
				CLANG_WARN_DOCUMENTATION_COMMENTS = YES;
				CLANG_WARN_EMPTY_BODY = YES;
				CLANG_WARN_ENUM_CONVERSION = YES;
				CLANG_WARN_INFINITE_RECURSION = YES;
				CLANG_WARN_INT_CONVERSION = YES;
				CLANG_WARN_NON_LITERAL_NULL_CONVERSION = YES;
				CLANG_WARN_OBJC_IMPLICIT_RETAIN_SELF = YES;
				CLANG_WARN_OBJC_LITERAL_CONVERSION = YES;
				CLANG_WARN_OBJC_ROOT_CLASS = YES_ERROR;
				CLANG_WARN_QUOTED_INCLUDE_IN_FRAMEWORK_HEADER = YES;
				CLANG_WARN_RANGE_LOOP_ANALYSIS = YES;
				CLANG_WARN_STRICT_PROTOTYPES = YES;
				CLANG_WARN_SUSPICIOUS_MOVE = YES;
				CLANG_WARN_UNGUARDED_AVAILABILITY = YES_AGGRESSIVE;
				CLANG_WARN_UNREACHABLE_CODE = YES;
				CLANG_WARN__DUPLICATE_METHOD_MATCH = YES;
				COPY_PHASE_STRIP = NO;
				DEBUG_INFORMATION_FORMAT = "dwarf-with-dsym";
				ENABLE_NS_ASSERTIONS = NO;
				ENABLE_STRICT_OBJC_MSGSEND = YES;
				GCC_C_LANGUAGE_STANDARD = gnu11;
				GCC_NO_COMMON_BLOCKS = YES;
				GCC_WARN_64_TO_32_BIT_CONVERSION = YES;
				GCC_WARN_ABOUT_RETURN_TYPE = YES_ERROR;
				GCC_WARN_UNDECLARED_SELECTOR = YES;
				GCC_WARN_UNINITIALIZED_AUTOS = YES_AGGRESSIVE;
				GCC_WARN_UNUSED_FUNCTION = YES;
				GCC_WARN_UNUSED_VARIABLE = YES;
				"LIBRARY_SEARCH_PATHS[arch=*]" = "$(PROJECT_DIR)/../target/universal/release";
				MTL_ENABLE_DEBUG_INFO = NO;
				MTL_FAST_MATH = YES;
				SWIFT_COMPILATION_MODE = wholemodule;
				SWIFT_OPTIMIZATION_LEVEL = "-O";
			};
			name = Release;
		};
		64D378D429F4D18300D30F37 /* Debug */ = {
			isa = XCBuildConfiguration;
			buildSettings = {
				ALWAYS_EMBED_SWIFT_STANDARD_LIBRARIES = YES;
				ASSETCATALOG_COMPILER_APPICON_NAME = AppIcon;
				ASSETCATALOG_COMPILER_GLOBAL_ACCENT_COLOR_NAME = AccentColor;
				CODE_SIGN_ENTITLEMENTS = Khiin/Khiin.entitlements;
				CODE_SIGN_STYLE = Automatic;
				CURRENT_PROJECT_VERSION = 1;
				DEVELOPMENT_ASSET_PATHS = "\"Khiin/Preview Content\"";
				ENABLE_PREVIEWS = YES;
				GENERATE_INFOPLIST_FILE = YES;
				INFOPLIST_FILE = Khiin/Info.plist;
				"INFOPLIST_KEY_UIApplicationSceneManifest_Generation[sdk=iphoneos*]" = YES;
				"INFOPLIST_KEY_UIApplicationSceneManifest_Generation[sdk=iphonesimulator*]" = YES;
				"INFOPLIST_KEY_UIApplicationSupportsIndirectInputEvents[sdk=iphoneos*]" = YES;
				"INFOPLIST_KEY_UIApplicationSupportsIndirectInputEvents[sdk=iphonesimulator*]" = YES;
				"INFOPLIST_KEY_UILaunchScreen_Generation[sdk=iphoneos*]" = YES;
				"INFOPLIST_KEY_UILaunchScreen_Generation[sdk=iphonesimulator*]" = YES;
				"INFOPLIST_KEY_UIStatusBarStyle[sdk=iphoneos*]" = UIStatusBarStyleDefault;
				"INFOPLIST_KEY_UIStatusBarStyle[sdk=iphonesimulator*]" = UIStatusBarStyleDefault;
				INFOPLIST_KEY_UISupportedInterfaceOrientations_iPad = "UIInterfaceOrientationPortrait UIInterfaceOrientationPortraitUpsideDown UIInterfaceOrientationLandscapeLeft UIInterfaceOrientationLandscapeRight";
				INFOPLIST_KEY_UISupportedInterfaceOrientations_iPhone = "UIInterfaceOrientationPortrait UIInterfaceOrientationLandscapeLeft UIInterfaceOrientationLandscapeRight";
				IPHONEOS_DEPLOYMENT_TARGET = 16.4;
				LD_RUNPATH_SEARCH_PATHS = "@executable_path/Frameworks";
				"LD_RUNPATH_SEARCH_PATHS[sdk=macosx*]" = "@executable_path/../Frameworks";
				MACOSX_DEPLOYMENT_TARGET = 13.2;
				MARKETING_VERSION = 1.0;
				PRODUCT_BUNDLE_IDENTIFIER = com.edwardgreve.khiin;
				PRODUCT_NAME = "$(TARGET_NAME)";
				SDKROOT = auto;
				SUPPORTED_PLATFORMS = "iphoneos iphonesimulator macosx";
				SWIFT_EMIT_LOC_STRINGS = YES;
				SWIFT_VERSION = 5.0;
				TARGETED_DEVICE_FAMILY = "1,2";
			};
			name = Debug;
		};
		64D378D529F4D18300D30F37 /* Release */ = {
			isa = XCBuildConfiguration;
			buildSettings = {
				ALWAYS_EMBED_SWIFT_STANDARD_LIBRARIES = YES;
				ASSETCATALOG_COMPILER_APPICON_NAME = AppIcon;
				ASSETCATALOG_COMPILER_GLOBAL_ACCENT_COLOR_NAME = AccentColor;
				CODE_SIGN_ENTITLEMENTS = Khiin/Khiin.entitlements;
				CODE_SIGN_STYLE = Automatic;
				CURRENT_PROJECT_VERSION = 1;
				DEVELOPMENT_ASSET_PATHS = "\"Khiin/Preview Content\"";
				ENABLE_PREVIEWS = YES;
				GENERATE_INFOPLIST_FILE = YES;
				INFOPLIST_FILE = Khiin/Info.plist;
				"INFOPLIST_KEY_UIApplicationSceneManifest_Generation[sdk=iphoneos*]" = YES;
				"INFOPLIST_KEY_UIApplicationSceneManifest_Generation[sdk=iphonesimulator*]" = YES;
				"INFOPLIST_KEY_UIApplicationSupportsIndirectInputEvents[sdk=iphoneos*]" = YES;
				"INFOPLIST_KEY_UIApplicationSupportsIndirectInputEvents[sdk=iphonesimulator*]" = YES;
				"INFOPLIST_KEY_UILaunchScreen_Generation[sdk=iphoneos*]" = YES;
				"INFOPLIST_KEY_UILaunchScreen_Generation[sdk=iphonesimulator*]" = YES;
				"INFOPLIST_KEY_UIStatusBarStyle[sdk=iphoneos*]" = UIStatusBarStyleDefault;
				"INFOPLIST_KEY_UIStatusBarStyle[sdk=iphonesimulator*]" = UIStatusBarStyleDefault;
				INFOPLIST_KEY_UISupportedInterfaceOrientations_iPad = "UIInterfaceOrientationPortrait UIInterfaceOrientationPortraitUpsideDown UIInterfaceOrientationLandscapeLeft UIInterfaceOrientationLandscapeRight";
				INFOPLIST_KEY_UISupportedInterfaceOrientations_iPhone = "UIInterfaceOrientationPortrait UIInterfaceOrientationLandscapeLeft UIInterfaceOrientationLandscapeRight";
				IPHONEOS_DEPLOYMENT_TARGET = 16.4;
				LD_RUNPATH_SEARCH_PATHS = "@executable_path/Frameworks";
				"LD_RUNPATH_SEARCH_PATHS[sdk=macosx*]" = "@executable_path/../Frameworks";
				MACOSX_DEPLOYMENT_TARGET = 13.2;
				MARKETING_VERSION = 1.0;
				PRODUCT_BUNDLE_IDENTIFIER = com.edwardgreve.khiin;
				PRODUCT_NAME = "$(TARGET_NAME)";
				SDKROOT = auto;
				SUPPORTED_PLATFORMS = "iphoneos iphonesimulator macosx";
				SWIFT_EMIT_LOC_STRINGS = YES;
				SWIFT_VERSION = 5.0;
				TARGETED_DEVICE_FAMILY = "1,2";
			};
			name = Release;
		};
/* End XCBuildConfiguration section */

/* Begin XCConfigurationList section */
		645BCFA529F4E2B20066F34C /* Build configuration list for PBXNativeTarget "Keyboard" */ = {
			isa = XCConfigurationList;
			buildConfigurations = (
				645BCFA629F4E2B20066F34C /* Debug */,
				645BCFA729F4E2B20066F34C /* Release */,
			);
			defaultConfigurationIsVisible = 0;
			defaultConfigurationName = Release;
		};
		64D378BF29F4D18200D30F37 /* Build configuration list for PBXProject "Khiin" */ = {
			isa = XCConfigurationList;
			buildConfigurations = (
				64D378D129F4D18300D30F37 /* Debug */,
				64D378D229F4D18300D30F37 /* Release */,
			);
			defaultConfigurationIsVisible = 0;
			defaultConfigurationName = Release;
		};
		64D378D329F4D18300D30F37 /* Build configuration list for PBXNativeTarget "Khiin" */ = {
			isa = XCConfigurationList;
			buildConfigurations = (
				64D378D429F4D18300D30F37 /* Debug */,
				64D378D529F4D18300D30F37 /* Release */,
			);
			defaultConfigurationIsVisible = 0;
			defaultConfigurationName = Release;
		};
/* End XCConfigurationList section */

/* Begin XCRemoteSwiftPackageReference section */
		64420AA129F62CCD002B74FF /* XCRemoteSwiftPackageReference "swift-protobuf" */ = {
			isa = XCRemoteSwiftPackageReference;
			repositoryURL = "https://github.com/apple/swift-protobuf.git";
			requirement = {
				kind = upToNextMajorVersion;
				minimumVersion = 1.0.0;
			};
		};
/* End XCRemoteSwiftPackageReference section */

/* Begin XCSwiftPackageProductDependency section */
		642E5C8D29F67C3C001246F1 /* SwiftProtobuf */ = {
			isa = XCSwiftPackageProductDependency;
			package = 64420AA129F62CCD002B74FF /* XCRemoteSwiftPackageReference "swift-protobuf" */;
			productName = SwiftProtobuf;
		};
		64420AA229F62CCD002B74FF /* SwiftProtobuf */ = {
			isa = XCSwiftPackageProductDependency;
			package = 64420AA129F62CCD002B74FF /* XCRemoteSwiftPackageReference "swift-protobuf" */;
			productName = SwiftProtobuf;
		};
		64420AAA29F62F7B002B74FF /* SwiftProtobuf */ = {
			isa = XCSwiftPackageProductDependency;
			package = 64420AA129F62CCD002B74FF /* XCRemoteSwiftPackageReference "swift-protobuf" */;
			productName = SwiftProtobuf;
		};
		64EC2AB229F6EA3700C68FE6 /* KhiinBridge */ = {
			isa = XCSwiftPackageProductDependency;
			productName = KhiinBridge;
		};
		64EC2AB429F6EA3B00C68FE6 /* KhiinBridge */ = {
			isa = XCSwiftPackageProductDependency;
			productName = KhiinBridge;
		};
/* End XCSwiftPackageProductDependency section */
	};
	rootObject = 64D378BC29F4D18200D30F37 /* Project object */;
}
